// !$*UTF8*$!
{
	archiveVersion = 1;
	classes = {
	};
	objectVersion = 50;
	objects = {

/* Begin PBXBuildFile section */
		390F6760228B307E0060C69F /* AppDelegate.swift in Sources */ = {isa = PBXBuildFile; fileRef = 390F675F228B307E0060C69F /* AppDelegate.swift */; };
		390F6762228B307E0060C69F /* ViewController.swift in Sources */ = {isa = PBXBuildFile; fileRef = 390F6761228B307E0060C69F /* ViewController.swift */; };
		390F6765228B307E0060C69F /* Main.storyboard in Resources */ = {isa = PBXBuildFile; fileRef = 390F6763228B307E0060C69F /* Main.storyboard */; };
		390F6767228B307F0060C69F /* Assets.xcassets in Resources */ = {isa = PBXBuildFile; fileRef = 390F6766228B307F0060C69F /* Assets.xcassets */; };
		390F676A228B307F0060C69F /* LaunchScreen.storyboard in Resources */ = {isa = PBXBuildFile; fileRef = 390F6768228B307F0060C69F /* LaunchScreen.storyboard */; };
		390F6775228B307F0060C69F /* ParstagramTests.swift in Sources */ = {isa = PBXBuildFile; fileRef = 390F6774228B307F0060C69F /* ParstagramTests.swift */; };
		390F6780228B307F0060C69F /* ParstagramUITests.swift in Sources */ = {isa = PBXBuildFile; fileRef = 390F677F228B307F0060C69F /* ParstagramUITests.swift */; };
/* End PBXBuildFile section */

/* Begin PBXContainerItemProxy section */
		390F6771228B307F0060C69F /* PBXContainerItemProxy */ = {
			isa = PBXContainerItemProxy;
			containerPortal = 390F6754228B307E0060C69F /* Project object */;
			proxyType = 1;
			remoteGlobalIDString = 390F675B228B307E0060C69F;
			remoteInfo = Parstagram;
		};
		390F677C228B307F0060C69F /* PBXContainerItemProxy */ = {
			isa = PBXContainerItemProxy;
			containerPortal = 390F6754228B307E0060C69F /* Project object */;
			proxyType = 1;
			remoteGlobalIDString = 390F675B228B307E0060C69F;
			remoteInfo = Parstagram;
		};
/* End PBXContainerItemProxy section */

/* Begin PBXFileReference section */
		390F675C228B307E0060C69F /* Parstagram.app */ = {isa = PBXFileReference; explicitFileType = wrapper.application; includeInIndex = 0; path = Parstagram.app; sourceTree = BUILT_PRODUCTS_DIR; };
		390F675F228B307E0060C69F /* AppDelegate.swift */ = {isa = PBXFileReference; lastKnownFileType = sourcecode.swift; path = AppDelegate.swift; sourceTree = "<group>"; };
		390F6761228B307E0060C69F /* ViewController.swift */ = {isa = PBXFileReference; lastKnownFileType = sourcecode.swift; path = ViewController.swift; sourceTree = "<group>"; };
		390F6764228B307E0060C69F /* Base */ = {isa = PBXFileReference; lastKnownFileType = file.storyboard; name = Base; path = Base.lproj/Main.storyboard; sourceTree = "<group>"; };
		390F6766228B307F0060C69F /* Assets.xcassets */ = {isa = PBXFileReference; lastKnownFileType = folder.assetcatalog; path = Assets.xcassets; sourceTree = "<group>"; };
		390F6769228B307F0060C69F /* Base */ = {isa = PBXFileReference; lastKnownFileType = file.storyboard; name = Base; path = Base.lproj/LaunchScreen.storyboard; sourceTree = "<group>"; };
		390F676B228B307F0060C69F /* Info.plist */ = {isa = PBXFileReference; lastKnownFileType = text.plist.xml; path = Info.plist; sourceTree = "<group>"; };
		390F6770228B307F0060C69F /* ParstagramTests.xctest */ = {isa = PBXFileReference; explicitFileType = wrapper.cfbundle; includeInIndex = 0; path = ParstagramTests.xctest; sourceTree = BUILT_PRODUCTS_DIR; };
		390F6774228B307F0060C69F /* ParstagramTests.swift */ = {isa = PBXFileReference; lastKnownFileType = sourcecode.swift; path = ParstagramTests.swift; sourceTree = "<group>"; };
		390F6776228B307F0060C69F /* Info.plist */ = {isa = PBXFileReference; lastKnownFileType = text.plist.xml; path = Info.plist; sourceTree = "<group>"; };
		390F677B228B307F0060C69F /* ParstagramUITests.xctest */ = {isa = PBXFileReference; explicitFileType = wrapper.cfbundle; includeInIndex = 0; path = ParstagramUITests.xctest; sourceTree = BUILT_PRODUCTS_DIR; };
		390F677F228B307F0060C69F /* ParstagramUITests.swift */ = {isa = PBXFileReference; lastKnownFileType = sourcecode.swift; path = ParstagramUITests.swift; sourceTree = "<group>"; };
		390F6781228B307F0060C69F /* Info.plist */ = {isa = PBXFileReference; lastKnownFileType = text.plist.xml; path = Info.plist; sourceTree = "<group>"; };
/* End PBXFileReference section */

/* Begin PBXFrameworksBuildPhase section */
		390F6759228B307E0060C69F /* Frameworks */ = {
			isa = PBXFrameworksBuildPhase;
			buildActionMask = 2147483647;
			files = (
			);
			runOnlyForDeploymentPostprocessing = 0;
		};
		390F676D228B307F0060C69F /* Frameworks */ = {
			isa = PBXFrameworksBuildPhase;
			buildActionMask = 2147483647;
			files = (
			);
			runOnlyForDeploymentPostprocessing = 0;
		};
		390F6778228B307F0060C69F /* Frameworks */ = {
			isa = PBXFrameworksBuildPhase;
			buildActionMask = 2147483647;
			files = (
			);
			runOnlyForDeploymentPostprocessing = 0;
		};
/* End PBXFrameworksBuildPhase section */

/* Begin PBXGroup section */
		390F6753228B307E0060C69F = {
			isa = PBXGroup;
			children = (
				390F675E228B307E0060C69F /* Parstagram */,
				390F6773228B307F0060C69F /* ParstagramTests */,
				390F677E228B307F0060C69F /* ParstagramUITests */,
				390F675D228B307E0060C69F /* Products */,
			);
			sourceTree = "<group>";
		};
		390F675D228B307E0060C69F /* Products */ = {
			isa = PBXGroup;
			children = (
				390F675C228B307E0060C69F /* Parstagram.app */,
				390F6770228B307F0060C69F /* ParstagramTests.xctest */,
				390F677B228B307F0060C69F /* ParstagramUITests.xctest */,
			);
			name = Products;
			sourceTree = "<group>";
		};
		390F675E228B307E0060C69F /* Parstagram */ = {
			isa = PBXGroup;
			children = (
				390F675F228B307E0060C69F /* AppDelegate.swift */,
				390F6761228B307E0060C69F /* ViewController.swift */,
				390F6763228B307E0060C69F /* Main.storyboard */,
				390F6766228B307F0060C69F /* Assets.xcassets */,
				390F6768228B307F0060C69F /* LaunchScreen.storyboard */,
				390F676B228B307F0060C69F /* Info.plist */,
			);
			path = Parstagram;
			sourceTree = "<group>";
		};
		390F6773228B307F0060C69F /* ParstagramTests */ = {
			isa = PBXGroup;
			children = (
				390F6774228B307F0060C69F /* ParstagramTests.swift */,
				390F6776228B307F0060C69F /* Info.plist */,
			);
			path = ParstagramTests;
			sourceTree = "<group>";
		};
		390F677E228B307F0060C69F /* ParstagramUITests */ = {
			isa = PBXGroup;
			children = (
				390F677F228B307F0060C69F /* ParstagramUITests.swift */,
				390F6781228B307F0060C69F /* Info.plist */,
			);
			path = ParstagramUITests;
			sourceTree = "<group>";
		};
/* End PBXGroup section */

/* Begin PBXNativeTarget section */
		390F675B228B307E0060C69F /* Parstagram */ = {
			isa = PBXNativeTarget;
			buildConfigurationList = 390F6784228B307F0060C69F /* Build configuration list for PBXNativeTarget "Parstagram" */;
			buildPhases = (
				390F6758228B307E0060C69F /* Sources */,
				390F6759228B307E0060C69F /* Frameworks */,
				390F675A228B307E0060C69F /* Resources */,
			);
			buildRules = (
			);
			dependencies = (
			);
			name = Parstagram;
			productName = Parstagram;
			productReference = 390F675C228B307E0060C69F /* Parstagram.app */;
			productType = "com.apple.product-type.application";
		};
		390F676F228B307F0060C69F /* ParstagramTests */ = {
			isa = PBXNativeTarget;
			buildConfigurationList = 390F6787228B307F0060C69F /* Build configuration list for PBXNativeTarget "ParstagramTests" */;
			buildPhases = (
				390F676C228B307F0060C69F /* Sources */,
				390F676D228B307F0060C69F /* Frameworks */,
				390F676E228B307F0060C69F /* Resources */,
			);
			buildRules = (
			);
			dependencies = (
				390F6772228B307F0060C69F /* PBXTargetDependency */,
			);
			name = ParstagramTests;
			productName = ParstagramTests;
			productReference = 390F6770228B307F0060C69F /* ParstagramTests.xctest */;
			productType = "com.apple.product-type.bundle.unit-test";
		};
		390F677A228B307F0060C69F /* ParstagramUITests */ = {
			isa = PBXNativeTarget;
			buildConfigurationList = 390F678A228B307F0060C69F /* Build configuration list for PBXNativeTarget "ParstagramUITests" */;
			buildPhases = (
				390F6777228B307F0060C69F /* Sources */,
				390F6778228B307F0060C69F /* Frameworks */,
				390F6779228B307F0060C69F /* Resources */,
			);
			buildRules = (
			);
			dependencies = (
				390F677D228B307F0060C69F /* PBXTargetDependency */,
			);
			name = ParstagramUITests;
			productName = ParstagramUITests;
			productReference = 390F677B228B307F0060C69F /* ParstagramUITests.xctest */;
			productType = "com.apple.product-type.bundle.ui-testing";
		};
/* End PBXNativeTarget section */

/* Begin PBXProject section */
		390F6754228B307E0060C69F /* Project object */ = {
			isa = PBXProject;
			attributes = {
				LastSwiftUpdateCheck = 1020;
				LastUpgradeCheck = 1020;
				ORGANIZATIONNAME = "Wei Zhang";
				TargetAttributes = {
					390F675B228B307E0060C69F = {
						CreatedOnToolsVersion = 10.2.1;
					};
					390F676F228B307F0060C69F = {
						CreatedOnToolsVersion = 10.2.1;
						TestTargetID = 390F675B228B307E0060C69F;
					};
					390F677A228B307F0060C69F = {
						CreatedOnToolsVersion = 10.2.1;
						TestTargetID = 390F675B228B307E0060C69F;
					};
				};
			};
			buildConfigurationList = 390F6757228B307E0060C69F /* Build configuration list for PBXProject "Parstagram" */;
			compatibilityVersion = "Xcode 9.3";
			developmentRegion = en;
			hasScannedForEncodings = 0;
			knownRegions = (
				en,
				Base,
			);
			mainGroup = 390F6753228B307E0060C69F;
			productRefGroup = 390F675D228B307E0060C69F /* Products */;
			projectDirPath = "";
			projectRoot = "";
			targets = (
				390F675B228B307E0060C69F /* Parstagram */,
				390F676F228B307F0060C69F /* ParstagramTests */,
				390F677A228B307F0060C69F /* ParstagramUITests */,
			);
		};
/* End PBXProject section */

/* Begin PBXResourcesBuildPhase section */
		390F675A228B307E0060C69F /* Resources */ = {
			isa = PBXResourcesBuildPhase;
			buildActionMask = 2147483647;
			files = (
				390F676A228B307F0060C69F /* LaunchScreen.storyboard in Resources */,
				390F6767228B307F0060C69F /* Assets.xcassets in Resources */,
				390F6765228B307E0060C69F /* Main.storyboard in Resources */,
			);
			runOnlyForDeploymentPostprocessing = 0;
		};
		390F676E228B307F0060C69F /* Resources */ = {
			isa = PBXResourcesBuildPhase;
			buildActionMask = 2147483647;
			files = (
			);
			runOnlyForDeploymentPostprocessing = 0;
		};
		390F6779228B307F0060C69F /* Resources */ = {
			isa = PBXResourcesBuildPhase;
			buildActionMask = 2147483647;
			files = (
			);
			runOnlyForDeploymentPostprocessing = 0;
		};
/* End PBXResourcesBuildPhase section */

/* Begin PBXSourcesBuildPhase section */
		390F6758228B307E0060C69F /* Sources */ = {
			isa = PBXSourcesBuildPhase;
			buildActionMask = 2147483647;
			files = (
				390F6762228B307E0060C69F /* ViewController.swift in Sources */,
				390F6760228B307E0060C69F /* AppDelegate.swift in Sources */,
			);
			runOnlyForDeploymentPostprocessing = 0;
		};
		390F676C228B307F0060C69F /* Sources */ = {
			isa = PBXSourcesBuildPhase;
			buildActionMask = 2147483647;
			files = (
				390F6775228B307F0060C69F /* ParstagramTests.swift in Sources */,
			);
			runOnlyForDeploymentPostprocessing = 0;
		};
		390F6777228B307F0060C69F /* Sources */ = {
			isa = PBXSourcesBuildPhase;
			buildActionMask = 2147483647;
			files = (
				390F6780228B307F0060C69F /* ParstagramUITests.swift in Sources */,
			);
			runOnlyForDeploymentPostprocessing = 0;
		};
/* End PBXSourcesBuildPhase section */

/* Begin PBXTargetDependency section */
		390F6772228B307F0060C69F /* PBXTargetDependency */ = {
			isa = PBXTargetDependency;
			target = 390F675B228B307E0060C69F /* Parstagram */;
			targetProxy = 390F6771228B307F0060C69F /* PBXContainerItemProxy */;
		};
		390F677D228B307F0060C69F /* PBXTargetDependency */ = {
			isa = PBXTargetDependency;
			target = 390F675B228B307E0060C69F /* Parstagram */;
			targetProxy = 390F677C228B307F0060C69F /* PBXContainerItemProxy */;
		};
/* End PBXTargetDependency section */

/* Begin PBXVariantGroup section */
		390F6763228B307E0060C69F /* Main.storyboard */ = {
			isa = PBXVariantGroup;
			children = (
				390F6764228B307E0060C69F /* Base */,
			);
			name = Main.storyboard;
			sourceTree = "<group>";
		};
		390F6768228B307F0060C69F /* LaunchScreen.storyboard */ = {
			isa = PBXVariantGroup;
			children = (
				390F6769228B307F0060C69F /* Base */,
			);
			name = LaunchScreen.storyboard;
			sourceTree = "<group>";
		};
/* End PBXVariantGroup section */

/* Begin XCBuildConfiguration section */
		390F6782228B307F0060C69F /* Debug */ = {
			isa = XCBuildConfiguration;
			buildSettings = {
				ALWAYS_SEARCH_USER_PATHS = NO;
				CLANG_ANALYZER_NONNULL = YES;
				CLANG_ANALYZER_NUMBER_OBJECT_CONVERSION = YES_AGGRESSIVE;
				CLANG_CXX_LANGUAGE_STANDARD = "gnu++14";
				CLANG_CXX_LIBRARY = "libc++";
				CLANG_ENABLE_MODULES = YES;
				CLANG_ENABLE_OBJC_ARC = YES;
				CLANG_ENABLE_OBJC_WEAK = YES;
				CLANG_WARN_BLOCK_CAPTURE_AUTORELEASING = YES;
				CLANG_WARN_BOOL_CONVERSION = YES;
				CLANG_WARN_COMMA = YES;
				CLANG_WARN_CONSTANT_CONVERSION = YES;
				CLANG_WARN_DEPRECATED_OBJC_IMPLEMENTATIONS = YES;
				CLANG_WARN_DIRECT_OBJC_ISA_USAGE = YES_ERROR;
				CLANG_WARN_DOCUMENTATION_COMMENTS = YES;
				CLANG_WARN_EMPTY_BODY = YES;
				CLANG_WARN_ENUM_CONVERSION = YES;
				CLANG_WARN_INFINITE_RECURSION = YES;
				CLANG_WARN_INT_CONVERSION = YES;
				CLANG_WARN_NON_LITERAL_NULL_CONVERSION = YES;
				CLANG_WARN_OBJC_IMPLICIT_RETAIN_SELF = YES;
				CLANG_WARN_OBJC_LITERAL_CONVERSION = YES;
				CLANG_WARN_OBJC_ROOT_CLASS = YES_ERROR;
				CLANG_WARN_RANGE_LOOP_ANALYSIS = YES;
				CLANG_WARN_STRICT_PROTOTYPES = YES;
				CLANG_WARN_SUSPICIOUS_MOVE = YES;
				CLANG_WARN_UNGUARDED_AVAILABILITY = YES_AGGRESSIVE;
				CLANG_WARN_UNREACHABLE_CODE = YES;
				CLANG_WARN__DUPLICATE_METHOD_MATCH = YES;
				CODE_SIGN_IDENTITY = "iPhone Developer";
				COPY_PHASE_STRIP = NO;
				DEBUG_INFORMATION_FORMAT = dwarf;
				ENABLE_STRICT_OBJC_MSGSEND = YES;
				ENABLE_TESTABILITY = YES;
				GCC_C_LANGUAGE_STANDARD = gnu11;
				GCC_DYNAMIC_NO_PIC = NO;
				GCC_NO_COMMON_BLOCKS = YES;
				GCC_OPTIMIZATION_LEVEL = 0;
				GCC_PREPROCESSOR_DEFINITIONS = (
					"DEBUG=1",
					"$(inherited)",
				);
				GCC_WARN_64_TO_32_BIT_CONVERSION = YES;
				GCC_WARN_ABOUT_RETURN_TYPE = YES_ERROR;
				GCC_WARN_UNDECLARED_SELECTOR = YES;
				GCC_WARN_UNINITIALIZED_AUTOS = YES_AGGRESSIVE;
				GCC_WARN_UNUSED_FUNCTION = YES;
				GCC_WARN_UNUSED_VARIABLE = YES;
				IPHONEOS_DEPLOYMENT_TARGET = 12.2;
				MTL_ENABLE_DEBUG_INFO = INCLUDE_SOURCE;
				MTL_FAST_MATH = YES;
				ONLY_ACTIVE_ARCH = YES;
				SDKROOT = iphoneos;
				SWIFT_ACTIVE_COMPILATION_CONDITIONS = DEBUG;
				SWIFT_OPTIMIZATION_LEVEL = "-Onone";
			};
			name = Debug;
		};
		390F6783228B307F0060C69F /* Release */ = {
			isa = XCBuildConfiguration;
			buildSettings = {
				ALWAYS_SEARCH_USER_PATHS = NO;
				CLANG_ANALYZER_NONNULL = YES;
				CLANG_ANALYZER_NUMBER_OBJECT_CONVERSION = YES_AGGRESSIVE;
				CLANG_CXX_LANGUAGE_STANDARD = "gnu++14";
				CLANG_CXX_LIBRARY = "libc++";
				CLANG_ENABLE_MODULES = YES;
				CLANG_ENABLE_OBJC_ARC = YES;
				CLANG_ENABLE_OBJC_WEAK = YES;
				CLANG_WARN_BLOCK_CAPTURE_AUTORELEASING = YES;
				CLANG_WARN_BOOL_CONVERSION = YES;
				CLANG_WARN_COMMA = YES;
				CLANG_WARN_CONSTANT_CONVERSION = YES;
				CLANG_WARN_DEPRECATED_OBJC_IMPLEMENTATIONS = YES;
				CLANG_WARN_DIRECT_OBJC_ISA_USAGE = YES_ERROR;
				CLANG_WARN_DOCUMENTATION_COMMENTS = YES;
				CLANG_WARN_EMPTY_BODY = YES;
				CLANG_WARN_ENUM_CONVERSION = YES;
				CLANG_WARN_INFINITE_RECURSION = YES;
				CLANG_WARN_INT_CONVERSION = YES;
				CLANG_WARN_NON_LITERAL_NULL_CONVERSION = YES;
				CLANG_WARN_OBJC_IMPLICIT_RETAIN_SELF = YES;
				CLANG_WARN_OBJC_LITERAL_CONVERSION = YES;
				CLANG_WARN_OBJC_ROOT_CLASS = YES_ERROR;
				CLANG_WARN_RANGE_LOOP_ANALYSIS = YES;
				CLANG_WARN_STRICT_PROTOTYPES = YES;
				CLANG_WARN_SUSPICIOUS_MOVE = YES;
				CLANG_WARN_UNGUARDED_AVAILABILITY = YES_AGGRESSIVE;
				CLANG_WARN_UNREACHABLE_CODE = YES;
				CLANG_WARN__DUPLICATE_METHOD_MATCH = YES;
				CODE_SIGN_IDENTITY = "iPhone Developer";
				COPY_PHASE_STRIP = NO;
				DEBUG_INFORMATION_FORMAT = "dwarf-with-dsym";
				ENABLE_NS_ASSERTIONS = NO;
				ENABLE_STRICT_OBJC_MSGSEND = YES;
				GCC_C_LANGUAGE_STANDARD = gnu11;
				GCC_NO_COMMON_BLOCKS = YES;
				GCC_WARN_64_TO_32_BIT_CONVERSION = YES;
				GCC_WARN_ABOUT_RETURN_TYPE = YES_ERROR;
				GCC_WARN_UNDECLARED_SELECTOR = YES;
				GCC_WARN_UNINITIALIZED_AUTOS = YES_AGGRESSIVE;
				GCC_WARN_UNUSED_FUNCTION = YES;
				GCC_WARN_UNUSED_VARIABLE = YES;
				IPHONEOS_DEPLOYMENT_TARGET = 12.2;
				MTL_ENABLE_DEBUG_INFO = NO;
				MTL_FAST_MATH = YES;
				SDKROOT = iphoneos;
				SWIFT_COMPILATION_MODE = wholemodule;
				SWIFT_OPTIMIZATION_LEVEL = "-O";
				VALIDATE_PRODUCT = YES;
			};
			name = Release;
		};
		390F6785228B307F0060C69F /* Debug */ = {
			isa = XCBuildConfiguration;
			buildSettings = {
				ASSETCATALOG_COMPILER_APPICON_NAME = AppIcon;
				CODE_SIGN_STYLE = Automatic;
				INFOPLIST_FILE = Parstagram/Info.plist;
				LD_RUNPATH_SEARCH_PATHS = (
					"$(inherited)",
					"@executable_path/Frameworks",
				);
				PRODUCT_BUNDLE_IDENTIFIER = comp.example.Parstagram;
				PRODUCT_NAME = "$(TARGET_NAME)";
				SWIFT_VERSION = 5.0;
				TARGETED_DEVICE_FAMILY = "1,2";
			};
			name = Debug;
		};
		390F6786228B307F0060C69F /* Release */ = {
			isa = XCBuildConfiguration;
			buildSettings = {
				ASSETCATALOG_COMPILER_APPICON_NAME = AppIcon;
				CODE_SIGN_STYLE = Automatic;
				INFOPLIST_FILE = Parstagram/Info.plist;
				LD_RUNPATH_SEARCH_PATHS = (
					"$(inherited)",
					"@executable_path/Frameworks",
				);
				PRODUCT_BUNDLE_IDENTIFIER = comp.example.Parstagram;
				PRODUCT_NAME = "$(TARGET_NAME)";
				SWIFT_VERSION = 5.0;
				TARGETED_DEVICE_FAMILY = "1,2";
			};
			name = Release;
		};
		390F6788228B307F0060C69F /* Debug */ = {
			isa = XCBuildConfiguration;
			buildSettings = {
				ALWAYS_EMBED_SWIFT_STANDARD_LIBRARIES = YES;
				BUNDLE_LOADER = "$(TEST_HOST)";
				CODE_SIGN_STYLE = Automatic;
				INFOPLIST_FILE = ParstagramTests/Info.plist;
				LD_RUNPATH_SEARCH_PATHS = (
					"$(inherited)",
					"@executable_path/Frameworks",
					"@loader_path/Frameworks",
				);
				PRODUCT_BUNDLE_IDENTIFIER = comp.example.ParstagramTests;
				PRODUCT_NAME = "$(TARGET_NAME)";
				SWIFT_VERSION = 5.0;
				TARGETED_DEVICE_FAMILY = "1,2";
				TEST_HOST = "$(BUILT_PRODUCTS_DIR)/Parstagram.app/Parstagram";
			};
			name = Debug;
		};
		390F6789228B307F0060C69F /* Release */ = {
			isa = XCBuildConfiguration;
			buildSettings = {
				ALWAYS_EMBED_SWIFT_STANDARD_LIBRARIES = YES;
				BUNDLE_LOADER = "$(TEST_HOST)";
				CODE_SIGN_STYLE = Automatic;
				INFOPLIST_FILE = ParstagramTests/Info.plist;
				LD_RUNPATH_SEARCH_PATHS = (
					"$(inherited)",
					"@executable_path/Frameworks",
					"@loader_path/Frameworks",
				);
				PRODUCT_BUNDLE_IDENTIFIER = comp.example.ParstagramTests;
				PRODUCT_NAME = "$(TARGET_NAME)";
				SWIFT_VERSION = 5.0;
				TARGETED_DEVICE_FAMILY = "1,2";
				TEST_HOST = "$(BUILT_PRODUCTS_DIR)/Parstagram.app/Parstagram";
			};
			name = Release;
		};
		390F678B228B307F0060C69F /* Debug */ = {
			isa = XCBuildConfiguration;
			buildSettings = {
				ALWAYS_EMBED_SWIFT_STANDARD_LIBRARIES = YES;
				CODE_SIGN_STYLE = Automatic;
				INFOPLIST_FILE = ParstagramUITests/Info.plist;
				LD_RUNPATH_SEARCH_PATHS = (
					"$(inherited)",
					"@executable_path/Frameworks",
					"@loader_path/Frameworks",
				);
				PRODUCT_BUNDLE_IDENTIFIER = comp.example.ParstagramUITests;
				PRODUCT_NAME = "$(TARGET_NAME)";
				SWIFT_VERSION = 5.0;
				TARGETED_DEVICE_FAMILY = "1,2";
				TEST_TARGET_NAME = Parstagram;
			};
			name = Debug;
		};
		390F678C228B307F0060C69F /* Release */ = {
			isa = XCBuildConfiguration;
			buildSettings = {
				ALWAYS_EMBED_SWIFT_STANDARD_LIBRARIES = YES;
				CODE_SIGN_STYLE = Automatic;
				INFOPLIST_FILE = ParstagramUITests/Info.plist;
				LD_RUNPATH_SEARCH_PATHS = (
					"$(inherited)",
					"@executable_path/Frameworks",
					"@loader_path/Frameworks",
				);
				PRODUCT_BUNDLE_IDENTIFIER = comp.example.ParstagramUITests;
				PRODUCT_NAME = "$(TARGET_NAME)";
				SWIFT_VERSION = 5.0;
				TARGETED_DEVICE_FAMILY = "1,2";
				TEST_TARGET_NAME = Parstagram;
			};
			name = Release;
		};
/* End XCBuildConfiguration section */

/* Begin XCConfigurationList section */
		390F6757228B307E0060C69F /* Build configuration list for PBXProject "Parstagram" */ = {
			isa = XCConfigurationList;
			buildConfigurations = (
				390F6782228B307F0060C69F /* Debug */,
				390F6783228B307F0060C69F /* Release */,
			);
			defaultConfigurationIsVisible = 0;
			defaultConfigurationName = Release;
		};
		390F6784228B307F0060C69F /* Build configuration list for PBXNativeTarget "Parstagram" */ = {
			isa = XCConfigurationList;
			buildConfigurations = (
				390F6785228B307F0060C69F /* Debug */,
				390F6786228B307F0060C69F /* Release */,
			);
			defaultConfigurationIsVisible = 0;
			defaultConfigurationName = Release;
		};
		390F6787228B307F0060C69F /* Build configuration list for PBXNativeTarget "ParstagramTests" */ = {
			isa = XCConfigurationList;
			buildConfigurations = (
				390F6788228B307F0060C69F /* Debug */,
				390F6789228B307F0060C69F /* Release */,
			);
			defaultConfigurationIsVisible = 0;
			defaultConfigurationName = Release;
		};
		390F678A228B307F0060C69F /* Build configuration list for PBXNativeTarget "ParstagramUITests" */ = {
			isa = XCConfigurationList;
			buildConfigurations = (
				390F678B228B307F0060C69F /* Debug */,
				390F678C228B307F0060C69F /* Release */,
			);
			defaultConfigurationIsVisible = 0;
			defaultConfigurationName = Release;
		};
/* End XCConfigurationList section */
	};
	rootObject = 390F6754228B307E0060C69F /* Project object */;
}
